// !$*UTF8*$!
{
	archiveVersion = 1;
	classes = {
	};
	objectVersion = 56;
	objects = {

/* Begin PBXBuildFile section */
		1587985A2A7BDFEB004407FE /* AppDelegate.swift in Sources */ = {isa = PBXBuildFile; fileRef = 158798592A7BDFEB004407FE /* AppDelegate.swift */; };
		1587985C2A7BDFEB004407FE /* SceneDelegate.swift in Sources */ = {isa = PBXBuildFile; fileRef = 1587985B2A7BDFEB004407FE /* SceneDelegate.swift */; };
		1587985E2A7BDFEB004407FE /* NowPlayingVC.swift in Sources */ = {isa = PBXBuildFile; fileRef = 1587985D2A7BDFEB004407FE /* NowPlayingVC.swift */; };
		158798632A7BDFEC004407FE /* Assets.xcassets in Resources */ = {isa = PBXBuildFile; fileRef = 158798622A7BDFEC004407FE /* Assets.xcassets */; };
		158798662A7BDFEC004407FE /* LaunchScreen.storyboard in Resources */ = {isa = PBXBuildFile; fileRef = 158798642A7BDFEC004407FE /* LaunchScreen.storyboard */; };
		158798722A7BE277004407FE /* NowPlayingViewModel.swift in Sources */ = {isa = PBXBuildFile; fileRef = 158798712A7BE277004407FE /* NowPlayingViewModel.swift */; };
		158798742A7BE2E2004407FE /* ImageDataService.swift in Sources */ = {isa = PBXBuildFile; fileRef = 158798732A7BE2E2004407FE /* ImageDataService.swift */; };
		158798762A7BE375004407FE /* MovieDbApiService.swift in Sources */ = {isa = PBXBuildFile; fileRef = 158798752A7BE375004407FE /* MovieDbApiService.swift */; };
		158798782A7BE9DA004407FE /* URLExtensions.swift in Sources */ = {isa = PBXBuildFile; fileRef = 158798772A7BE9DA004407FE /* URLExtensions.swift */; };
		1587987A2A7BF659004407FE /* MovieCollectionViewCell.swift in Sources */ = {isa = PBXBuildFile; fileRef = 158798792A7BF659004407FE /* MovieCollectionViewCell.swift */; };
		1587987C2A7BF6D4004407FE /* UICollectionViewCellExtensions.swift in Sources */ = {isa = PBXBuildFile; fileRef = 1587987B2A7BF6D4004407FE /* UICollectionViewCellExtensions.swift */; };
		1587987E2A7C3354004407FE /* UIImageResize.swift in Sources */ = {isa = PBXBuildFile; fileRef = 1587987D2A7C3354004407FE /* UIImageResize.swift */; };
/* End PBXBuildFile section */

/* Begin PBXFileReference section */
		158798562A7BDFEB004407FE /* VaroMobileEngineeringProject.app */ = {isa = PBXFileReference; explicitFileType = wrapper.application; includeInIndex = 0; path = VaroMobileEngineeringProject.app; sourceTree = BUILT_PRODUCTS_DIR; };
		158798592A7BDFEB004407FE /* AppDelegate.swift */ = {isa = PBXFileReference; lastKnownFileType = sourcecode.swift; path = AppDelegate.swift; sourceTree = "<group>"; };
		1587985B2A7BDFEB004407FE /* SceneDelegate.swift */ = {isa = PBXFileReference; lastKnownFileType = sourcecode.swift; path = SceneDelegate.swift; sourceTree = "<group>"; };
		1587985D2A7BDFEB004407FE /* NowPlayingVC.swift */ = {isa = PBXFileReference; lastKnownFileType = sourcecode.swift; path = NowPlayingVC.swift; sourceTree = "<group>"; };
		158798622A7BDFEC004407FE /* Assets.xcassets */ = {isa = PBXFileReference; lastKnownFileType = folder.assetcatalog; path = Assets.xcassets; sourceTree = "<group>"; };
		158798652A7BDFEC004407FE /* Base */ = {isa = PBXFileReference; lastKnownFileType = file.storyboard; name = Base; path = Base.lproj/LaunchScreen.storyboard; sourceTree = "<group>"; };
		158798672A7BDFEC004407FE /* Info.plist */ = {isa = PBXFileReference; lastKnownFileType = text.plist.xml; path = Info.plist; sourceTree = "<group>"; };
		158798712A7BE277004407FE /* NowPlayingViewModel.swift */ = {isa = PBXFileReference; lastKnownFileType = sourcecode.swift; path = NowPlayingViewModel.swift; sourceTree = "<group>"; };
		158798732A7BE2E2004407FE /* ImageDataService.swift */ = {isa = PBXFileReference; lastKnownFileType = sourcecode.swift; path = ImageDataService.swift; sourceTree = "<group>"; };
		158798752A7BE375004407FE /* MovieDbApiService.swift */ = {isa = PBXFileReference; lastKnownFileType = sourcecode.swift; path = MovieDbApiService.swift; sourceTree = "<group>"; };
		158798772A7BE9DA004407FE /* URLExtensions.swift */ = {isa = PBXFileReference; lastKnownFileType = sourcecode.swift; path = URLExtensions.swift; sourceTree = "<group>"; };
		158798792A7BF659004407FE /* MovieCollectionViewCell.swift */ = {isa = PBXFileReference; lastKnownFileType = sourcecode.swift; path = MovieCollectionViewCell.swift; sourceTree = "<group>"; };
		1587987B2A7BF6D4004407FE /* UICollectionViewCellExtensions.swift */ = {isa = PBXFileReference; lastKnownFileType = sourcecode.swift; path = UICollectionViewCellExtensions.swift; sourceTree = "<group>"; };
		1587987D2A7C3354004407FE /* UIImageResize.swift */ = {isa = PBXFileReference; lastKnownFileType = sourcecode.swift; path = UIImageResize.swift; sourceTree = "<group>"; };
/* End PBXFileReference section */

/* Begin PBXFrameworksBuildPhase section */
		158798532A7BDFEB004407FE /* Frameworks */ = {
			isa = PBXFrameworksBuildPhase;
			buildActionMask = 2147483647;
			files = (
			);
			runOnlyForDeploymentPostprocessing = 0;
		};
/* End PBXFrameworksBuildPhase section */

/* Begin PBXGroup section */
		1587984D2A7BDFEB004407FE = {
			isa = PBXGroup;
			children = (
				158798582A7BDFEB004407FE /* VaroMobileEngineeringProject */,
				158798572A7BDFEB004407FE /* Products */,
			);
			sourceTree = "<group>";
		};
		158798572A7BDFEB004407FE /* Products */ = {
			isa = PBXGroup;
			children = (
				158798562A7BDFEB004407FE /* VaroMobileEngineeringProject.app */,
			);
			name = Products;
			sourceTree = "<group>";
		};
		158798582A7BDFEB004407FE /* VaroMobileEngineeringProject */ = {
			isa = PBXGroup;
			children = (
				1587986F2A7BE041004407FE /* Networking */,
				1587986E2A7BE03B004407FE /* Utilities */,
				1587986D2A7BE02B004407FE /* Startup Delegate */,
				158798702A7BE054004407FE /* NowPlaying */,
				158798622A7BDFEC004407FE /* Assets.xcassets */,
				158798642A7BDFEC004407FE /* LaunchScreen.storyboard */,
				158798672A7BDFEC004407FE /* Info.plist */,
			);
			path = VaroMobileEngineeringProject;
			sourceTree = "<group>";
		};
		1587986D2A7BE02B004407FE /* Startup Delegate */ = {
			isa = PBXGroup;
			children = (
				158798592A7BDFEB004407FE /* AppDelegate.swift */,
				1587985B2A7BDFEB004407FE /* SceneDelegate.swift */,
			);
			path = "Startup Delegate";
			sourceTree = "<group>";
		};
		1587986E2A7BE03B004407FE /* Utilities */ = {
			isa = PBXGroup;
			children = (
				158798772A7BE9DA004407FE /* URLExtensions.swift */,
				1587987B2A7BF6D4004407FE /* UICollectionViewCellExtensions.swift */,
				1587987D2A7C3354004407FE /* UIImageResize.swift */,
			);
			path = Utilities;
			sourceTree = "<group>";
		};
		1587986F2A7BE041004407FE /* Networking */ = {
			isa = PBXGroup;
			children = (
				158798732A7BE2E2004407FE /* ImageDataService.swift */,
				158798752A7BE375004407FE /* MovieDbApiService.swift */,
			);
			path = Networking;
			sourceTree = "<group>";
		};
		158798702A7BE054004407FE /* NowPlaying */ = {
			isa = PBXGroup;
			children = (
				1587985D2A7BDFEB004407FE /* NowPlayingVC.swift */,
				158798712A7BE277004407FE /* NowPlayingViewModel.swift */,
				158798792A7BF659004407FE /* MovieCollectionViewCell.swift */,
			);
			path = NowPlaying;
			sourceTree = "<group>";
		};
/* End PBXGroup section */

/* Begin PBXNativeTarget section */
		158798552A7BDFEB004407FE /* VaroMobileEngineeringProject */ = {
			isa = PBXNativeTarget;
			buildConfigurationList = 1587986A2A7BDFEC004407FE /* Build configuration list for PBXNativeTarget "VaroMobileEngineeringProject" */;
			buildPhases = (
				158798522A7BDFEB004407FE /* Sources */,
				158798532A7BDFEB004407FE /* Frameworks */,
				158798542A7BDFEB004407FE /* Resources */,
			);
			buildRules = (
			);
			dependencies = (
			);
			name = VaroMobileEngineeringProject;
			productName = VaroMobileEngineeringProject;
			productReference = 158798562A7BDFEB004407FE /* VaroMobileEngineeringProject.app */;
			productType = "com.apple.product-type.application";
		};
/* End PBXNativeTarget section */

/* Begin PBXProject section */
		1587984E2A7BDFEB004407FE /* Project object */ = {
			isa = PBXProject;
			attributes = {
				BuildIndependentTargetsInParallel = 1;
				LastSwiftUpdateCheck = 1430;
				LastUpgradeCheck = 1430;
				TargetAttributes = {
					158798552A7BDFEB004407FE = {
						CreatedOnToolsVersion = 14.3;
					};
				};
			};
			buildConfigurationList = 158798512A7BDFEB004407FE /* Build configuration list for PBXProject "VaroMobileEngineeringProject" */;
			compatibilityVersion = "Xcode 14.0";
			developmentRegion = en;
			hasScannedForEncodings = 0;
			knownRegions = (
				en,
				Base,
			);
			mainGroup = 1587984D2A7BDFEB004407FE;
			productRefGroup = 158798572A7BDFEB004407FE /* Products */;
			projectDirPath = "";
			projectRoot = "";
			targets = (
				158798552A7BDFEB004407FE /* VaroMobileEngineeringProject */,
			);
		};
/* End PBXProject section */

/* Begin PBXResourcesBuildPhase section */
		158798542A7BDFEB004407FE /* Resources */ = {
			isa = PBXResourcesBuildPhase;
			buildActionMask = 2147483647;
			files = (
				158798662A7BDFEC004407FE /* LaunchScreen.storyboard in Resources */,
				158798632A7BDFEC004407FE /* Assets.xcassets in Resources */,
			);
			runOnlyForDeploymentPostprocessing = 0;
		};
/* End PBXResourcesBuildPhase section */

/* Begin PBXSourcesBuildPhase section */
		158798522A7BDFEB004407FE /* Sources */ = {
			isa = PBXSourcesBuildPhase;
			buildActionMask = 2147483647;
			files = (
				158798782A7BE9DA004407FE /* URLExtensions.swift in Sources */,
				158798722A7BE277004407FE /* NowPlayingViewModel.swift in Sources */,
				1587987C2A7BF6D4004407FE /* UICollectionViewCellExtensions.swift in Sources */,
				1587987E2A7C3354004407FE /* UIImageResize.swift in Sources */,
				1587985E2A7BDFEB004407FE /* NowPlayingVC.swift in Sources */,
				1587985A2A7BDFEB004407FE /* AppDelegate.swift in Sources */,
				1587985C2A7BDFEB004407FE /* SceneDelegate.swift in Sources */,
				158798742A7BE2E2004407FE /* ImageDataService.swift in Sources */,
				158798762A7BE375004407FE /* MovieDbApiService.swift in Sources */,
				1587987A2A7BF659004407FE /* MovieCollectionViewCell.swift in Sources */,
			);
			runOnlyForDeploymentPostprocessing = 0;
		};
/* End PBXSourcesBuildPhase section */

/* Begin PBXVariantGroup section */
		158798642A7BDFEC004407FE /* LaunchScreen.storyboard */ = {
			isa = PBXVariantGroup;
			children = (
				158798652A7BDFEC004407FE /* Base */,
			);
			name = LaunchScreen.storyboard;
			sourceTree = "<group>";
		};
/* End PBXVariantGroup section */

/* Begin XCBuildConfiguration section */
		158798682A7BDFEC004407FE /* Debug */ = {
			isa = XCBuildConfiguration;
			buildSettings = {
				ALWAYS_SEARCH_USER_PATHS = NO;
				CLANG_ANALYZER_NONNULL = YES;
				CLANG_ANALYZER_NUMBER_OBJECT_CONVERSION = YES_AGGRESSIVE;
				CLANG_CXX_LANGUAGE_STANDARD = "gnu++20";
				CLANG_ENABLE_MODULES = YES;
				CLANG_ENABLE_OBJC_ARC = YES;
				CLANG_ENABLE_OBJC_WEAK = YES;
				CLANG_WARN_BLOCK_CAPTURE_AUTORELEASING = YES;
				CLANG_WARN_BOOL_CONVERSION = YES;
				CLANG_WARN_COMMA = YES;
				CLANG_WARN_CONSTANT_CONVERSION = YES;
				CLANG_WARN_DEPRECATED_OBJC_IMPLEMENTATIONS = YES;
				CLANG_WARN_DIRECT_OBJC_ISA_USAGE = YES_ERROR;
				CLANG_WARN_DOCUMENTATION_COMMENTS = YES;
				CLANG_WARN_EMPTY_BODY = YES;
				CLANG_WARN_ENUM_CONVERSION = YES;
				CLANG_WARN_INFINITE_RECURSION = YES;
				CLANG_WARN_INT_CONVERSION = YES;
				CLANG_WARN_NON_LITERAL_NULL_CONVERSION = YES;
				CLANG_WARN_OBJC_IMPLICIT_RETAIN_SELF = YES;
				CLANG_WARN_OBJC_LITERAL_CONVERSION = YES;
				CLANG_WARN_OBJC_ROOT_CLASS = YES_ERROR;
				CLANG_WARN_QUOTED_INCLUDE_IN_FRAMEWORK_HEADER = YES;
				CLANG_WARN_RANGE_LOOP_ANALYSIS = YES;
				CLANG_WARN_STRICT_PROTOTYPES = YES;
				CLANG_WARN_SUSPICIOUS_MOVE = YES;
				CLANG_WARN_UNGUARDED_AVAILABILITY = YES_AGGRESSIVE;
				CLANG_WARN_UNREACHABLE_CODE = YES;
				CLANG_WARN__DUPLICATE_METHOD_MATCH = YES;
				COPY_PHASE_STRIP = NO;
				DEBUG_INFORMATION_FORMAT = dwarf;
				ENABLE_STRICT_OBJC_MSGSEND = YES;
				ENABLE_TESTABILITY = YES;
				GCC_C_LANGUAGE_STANDARD = gnu11;
				GCC_DYNAMIC_NO_PIC = NO;
				GCC_NO_COMMON_BLOCKS = YES;
				GCC_OPTIMIZATION_LEVEL = 0;
				GCC_PREPROCESSOR_DEFINITIONS = (
					"DEBUG=1",
					"$(inherited)",
				);
				GCC_WARN_64_TO_32_BIT_CONVERSION = YES;
				GCC_WARN_ABOUT_RETURN_TYPE = YES_ERROR;
				GCC_WARN_UNDECLARED_SELECTOR = YES;
				GCC_WARN_UNINITIALIZED_AUTOS = YES_AGGRESSIVE;
				GCC_WARN_UNUSED_FUNCTION = YES;
				GCC_WARN_UNUSED_VARIABLE = YES;
				IPHONEOS_DEPLOYMENT_TARGET = 16.4;
				MTL_ENABLE_DEBUG_INFO = INCLUDE_SOURCE;
				MTL_FAST_MATH = YES;
				ONLY_ACTIVE_ARCH = YES;
				SDKROOT = iphoneos;
				SWIFT_ACTIVE_COMPILATION_CONDITIONS = DEBUG;
				SWIFT_OPTIMIZATION_LEVEL = "-Onone";
			};
			name = Debug;
		};
		158798692A7BDFEC004407FE /* Release */ = {
			isa = XCBuildConfiguration;
			buildSettings = {
				ALWAYS_SEARCH_USER_PATHS = NO;
				CLANG_ANALYZER_NONNULL = YES;
				CLANG_ANALYZER_NUMBER_OBJECT_CONVERSION = YES_AGGRESSIVE;
				CLANG_CXX_LANGUAGE_STANDARD = "gnu++20";
				CLANG_ENABLE_MODULES = YES;
				CLANG_ENABLE_OBJC_ARC = YES;
				CLANG_ENABLE_OBJC_WEAK = YES;
				CLANG_WARN_BLOCK_CAPTURE_AUTORELEASING = YES;
				CLANG_WARN_BOOL_CONVERSION = YES;
				CLANG_WARN_COMMA = YES;
				CLANG_WARN_CONSTANT_CONVERSION = YES;
				CLANG_WARN_DEPRECATED_OBJC_IMPLEMENTATIONS = YES;
				CLANG_WARN_DIRECT_OBJC_ISA_USAGE = YES_ERROR;
				CLANG_WARN_DOCUMENTATION_COMMENTS = YES;
				CLANG_WARN_EMPTY_BODY = YES;
				CLANG_WARN_ENUM_CONVERSION = YES;
				CLANG_WARN_INFINITE_RECURSION = YES;
				CLANG_WARN_INT_CONVERSION = YES;
				CLANG_WARN_NON_LITERAL_NULL_CONVERSION = YES;
				CLANG_WARN_OBJC_IMPLICIT_RETAIN_SELF = YES;
				CLANG_WARN_OBJC_LITERAL_CONVERSION = YES;
				CLANG_WARN_OBJC_ROOT_CLASS = YES_ERROR;
				CLANG_WARN_QUOTED_INCLUDE_IN_FRAMEWORK_HEADER = YES;
				CLANG_WARN_RANGE_LOOP_ANALYSIS = YES;
				CLANG_WARN_STRICT_PROTOTYPES = YES;
				CLANG_WARN_SUSPICIOUS_MOVE = YES;
				CLANG_WARN_UNGUARDED_AVAILABILITY = YES_AGGRESSIVE;
				CLANG_WARN_UNREACHABLE_CODE = YES;
				CLANG_WARN__DUPLICATE_METHOD_MATCH = YES;
				COPY_PHASE_STRIP = NO;
				DEBUG_INFORMATION_FORMAT = "dwarf-with-dsym";
				ENABLE_NS_ASSERTIONS = NO;
				ENABLE_STRICT_OBJC_MSGSEND = YES;
				GCC_C_LANGUAGE_STANDARD = gnu11;
				GCC_NO_COMMON_BLOCKS = YES;
				GCC_WARN_64_TO_32_BIT_CONVERSION = YES;
				GCC_WARN_ABOUT_RETURN_TYPE = YES_ERROR;
				GCC_WARN_UNDECLARED_SELECTOR = YES;
				GCC_WARN_UNINITIALIZED_AUTOS = YES_AGGRESSIVE;
				GCC_WARN_UNUSED_FUNCTION = YES;
				GCC_WARN_UNUSED_VARIABLE = YES;
				IPHONEOS_DEPLOYMENT_TARGET = 16.4;
				MTL_ENABLE_DEBUG_INFO = NO;
				MTL_FAST_MATH = YES;
				SDKROOT = iphoneos;
				SWIFT_COMPILATION_MODE = wholemodule;
				SWIFT_OPTIMIZATION_LEVEL = "-O";
				VALIDATE_PRODUCT = YES;
			};
			name = Release;
		};
		1587986B2A7BDFEC004407FE /* Debug */ = {
			isa = XCBuildConfiguration;
			buildSettings = {
				ASSETCATALOG_COMPILER_APPICON_NAME = AppIcon;
				ASSETCATALOG_COMPILER_GLOBAL_ACCENT_COLOR_NAME = AccentColor;
				CODE_SIGN_STYLE = Automatic;
				CURRENT_PROJECT_VERSION = 1;
				DEVELOPMENT_TEAM = CX87MDXJNH;
				GENERATE_INFOPLIST_FILE = YES;
				INFOPLIST_FILE = VaroMobileEngineeringProject/Info.plist;
				INFOPLIST_KEY_UIApplicationSupportsIndirectInputEvents = YES;
				INFOPLIST_KEY_UILaunchStoryboardName = LaunchScreen;
				INFOPLIST_KEY_UISupportedInterfaceOrientations_iPad = "UIInterfaceOrientationPortrait UIInterfaceOrientationPortraitUpsideDown UIInterfaceOrientationLandscapeLeft UIInterfaceOrientationLandscapeRight";
				INFOPLIST_KEY_UISupportedInterfaceOrientations_iPhone = "UIInterfaceOrientationPortrait UIInterfaceOrientationLandscapeLeft UIInterfaceOrientationLandscapeRight";
				LD_RUNPATH_SEARCH_PATHS = (
					"$(inherited)",
					"@executable_path/Frameworks",
				);
				MARKETING_VERSION = 1.0;
				PRODUCT_BUNDLE_IDENTIFIER = com.joseph.pecoraro.VaroMobileEngineeringProject;
				PRODUCT_NAME = "$(TARGET_NAME)";
				SWIFT_EMIT_LOC_STRINGS = YES;
				SWIFT_VERSION = 5.0;
				TARGETED_DEVICE_FAMILY = "1,2";
			};
			name = Debug;
		};
		1587986C2A7BDFEC004407FE /* Release */ = {
			isa = XCBuildConfiguration;
			buildSettings = {
				ASSETCATALOG_COMPILER_APPICON_NAME = AppIcon;
				ASSETCATALOG_COMPILER_GLOBAL_ACCENT_COLOR_NAME = AccentColor;
				CODE_SIGN_STYLE = Automatic;
				CURRENT_PROJECT_VERSION = 1;
				DEVELOPMENT_TEAM = CX87MDXJNH;
				GENERATE_INFOPLIST_FILE = YES;
				INFOPLIST_FILE = VaroMobileEngineeringProject/Info.plist;
				INFOPLIST_KEY_UIApplicationSupportsIndirectInputEvents = YES;
				INFOPLIST_KEY_UILaunchStoryboardName = LaunchScreen;
				INFOPLIST_KEY_UISupportedInterfaceOrientations_iPad = "UIInterfaceOrientationPortrait UIInterfaceOrientationPortraitUpsideDown UIInterfaceOrientationLandscapeLeft UIInterfaceOrientationLandscapeRight";
				INFOPLIST_KEY_UISupportedInterfaceOrientations_iPhone = "UIInterfaceOrientationPortrait UIInterfaceOrientationLandscapeLeft UIInterfaceOrientationLandscapeRight";
				LD_RUNPATH_SEARCH_PATHS = (
					"$(inherited)",
					"@executable_path/Frameworks",
				);
				MARKETING_VERSION = 1.0;
				PRODUCT_BUNDLE_IDENTIFIER = com.joseph.pecoraro.VaroMobileEngineeringProject;
				PRODUCT_NAME = "$(TARGET_NAME)";
				SWIFT_EMIT_LOC_STRINGS = YES;
				SWIFT_VERSION = 5.0;
				TARGETED_DEVICE_FAMILY = "1,2";
			};
			name = Release;
		};
/* End XCBuildConfiguration section */

/* Begin XCConfigurationList section */
		158798512A7BDFEB004407FE /* Build configuration list for PBXProject "VaroMobileEngineeringProject" */ = {
			isa = XCConfigurationList;
			buildConfigurations = (
				158798682A7BDFEC004407FE /* Debug */,
				158798692A7BDFEC004407FE /* Release */,
			);
			defaultConfigurationIsVisible = 0;
			defaultConfigurationName = Release;
		};
		1587986A2A7BDFEC004407FE /* Build configuration list for PBXNativeTarget "VaroMobileEngineeringProject" */ = {
			isa = XCConfigurationList;
			buildConfigurations = (
				1587986B2A7BDFEC004407FE /* Debug */,
				1587986C2A7BDFEC004407FE /* Release */,
			);
			defaultConfigurationIsVisible = 0;
			defaultConfigurationName = Release;
		};
/* End XCConfigurationList section */
	};
	rootObject = 1587984E2A7BDFEB004407FE /* Project object */;
}
